PODS:
  - Alamofire (5.6.1)
  - Flutter (1.0.0)
  - IQKeyboardManagerSwift (6.5.10)
  - monnify_flutter_sdk_plus (1.0.0):
    - Flutter
    - MonnifyiOSSDK (~> 0.1.8)
  - MonnifyiOSSDK (0.1.9):
    - Alamofire
    - IQKeyboardManagerSwift
    - StompClientLib
    - SwiftyJSON
  - SocketRocket (0.6.0)
  - StompClientLib (1.4.1):
    - SocketRocket
  - SwiftyJSON (5.0.1)

DEPENDENCIES:
  - Flutter (from `Flutter`)
  - monnify_flutter_sdk_plus (from `.symlinks/plugins/monnify_flutter_sdk_plus/ios`)

SPEC REPOS:
  trunk:
    - Alamofire
    - IQKeyboardManagerSwift
    - MonnifyiOSSDK
    - SocketRocket
    - StompClientLib
    - SwiftyJSON

EXTERNAL SOURCES:
  Flutter:
    :path: Flutter
  monnify_flutter_sdk_plus:
    :path: ".symlinks/plugins/monnify_flutter_sdk_plus/ios"

SPEC CHECKSUMS:
  Alamofire: 87bd8c952f9a4454320fce00d9cc3de57bcadaf5
  Flutter: e0871f40cf51350855a761d2e70bf5af5b9b5de7
  IQKeyboardManagerSwift: 52962c76ab33532f15ad9f3ff4e5715eda5335bb
  monnify_flutter_sdk_plus: 79f43bb9951c656127057f092e6458d5dcafdbe4
  MonnifyiOSSDK: c23a8211335793e8168f0f87e315bf624c6e9f3b
  SocketRocket: fccef3f9c5cedea1353a9ef6ada904fde10d6608
  StompClientLib: ac40390e9660c574675f1c933bec81c8e2811a4f
  SwiftyJSON: 2f33a42c6fbc52764d96f13368585094bfd8aa5e

PODFILE CHECKSUM: 4e8f8b2be68aeea4c0d5beb6ff1e79fface1d048

COCOAPODS: 1.15.2
